
Microsoft Visual Studio Solution File, Format Version 12.00
# Visual Studio 14
VisualStudioVersion = 14.0.22823.1
MinimumVisualStudioVersion = 10.0.40219.1
Project("{2150E333-8FDC-42A3-9474-1A3956D46DE8}") = "GP01-Battleship", "GP01-Battleship", "{46CFA615-0216-45A7-A634-CC543FC74EB8}"
EndProject
Project("{2150E333-8FDC-42A3-9474-1A3956D46DE8}") = "01", "01", "{1179AED8-D7B2-4539-ACC0-C098241C993B}"
EndProject
Project("{2150E333-8FDC-42A3-9474-1A3956D46DE8}") = "02", "02", "{0F8F92C9-68A9-415C-AA17-37EFB5B1AF4B}"
EndProject
Project("{2150E333-8FDC-42A3-9474-1A3956D46DE8}") = "03", "03", "{77853D15-1639-404E-9AEF-8908459A66DD}"
EndProject
Project("{2150E333-8FDC-42A3-9474-1A3956D46DE8}") = "Final-TicTacToe", "Final-TicTacToe", "{B5E9A7A0-6E02-48BA-9F50-CEF8197B92A9}"
EndProject
Project("{2150E333-8FDC-42A3-9474-1A3956D46DE8}") = "04", "04", "{3FFA5E09-8534-45CD-BD16-7BBBCE737A2A}"
EndProject
Project("{8BC9CEB8-8B4A-11D0-8D11-00A0C91BC942}") = "01-C", "01\01-C\01-C.vcxproj", "{C325F75C-7488-43CE-98D0-76BDFD42BAB8}"
EndProject
Project("{8BC9CEB8-8B4A-11D0-8D11-00A0C91BC942}") = "01-S", "01\01-S\01-S.vcxproj", "{61954385-BD71-4893-B536-E9377D451180}"
EndProject
Project("{8BC9CEB8-8B4A-11D0-8D11-00A0C91BC942}") = "02-C", "02\02-C\02-C.vcxproj", "{AEE6183C-B445-4752-B957-15EC31AA5E18}"
EndProject
Project("{8BC9CEB8-8B4A-11D0-8D11-00A0C91BC942}") = "02-S", "02\02-S\02-S.vcxproj", "{4C5AA7DC-3182-4D16-9993-D35E8C0B092F}"
EndProject
Project("{8BC9CEB8-8B4A-11D0-8D11-00A0C91BC942}") = "03-S", "03\03-S\03-S.vcxproj", "{A61BB2C0-BC34-4D51-ACD4-CD05C9B208A7}"
EndProject
Project("{8BC9CEB8-8B4A-11D0-8D11-00A0C91BC942}") = "03-C", "03\03-C\03-C.vcxproj", "{7CAC65FE-CB0D-48CA-A547-69DA9CCE0B3D}"
EndProject
Project("{8BC9CEB8-8B4A-11D0-8D11-00A0C91BC942}") = "04-C", "04\04-C\04-C.vcxproj", "{E5110764-EEFC-4AFD-B50D-CA94F3F76474}"
EndProject
Project("{8BC9CEB8-8B4A-11D0-8D11-00A0C91BC942}") = "04-S", "04\04-S\04-S.vcxproj", "{30AE2EE9-A1B5-45E1-97F4-A7D7BA34E5C0}"
EndProject
Project("{8BC9CEB8-8B4A-11D0-8D11-00A0C91BC942}") = "GP01-C", "GP01-BattleShip\GP01-C\GP01-C.vcxproj", "{0236B4D6-F237-4064-91D9-244A8D99AB2C}"
EndProject
Project("{8BC9CEB8-8B4A-11D0-8D11-00A0C91BC942}") = "GP01-S", "GP01-BattleShip\GP01-S\GP01-S.vcxproj", "{BA3266FE-EE85-4D4B-9164-0441514882C0}"
EndProject
Project("{8BC9CEB8-8B4A-11D0-8D11-00A0C91BC942}") = "Client", "Final-TicTacToe\Client\Client.vcxproj", "{47D61A55-6218-408B-89A1-D9CE0076E9B0}"
EndProject
Project("{8BC9CEB8-8B4A-11D0-8D11-00A0C91BC942}") = "Server", "Final-TicTacToe\Server\Server.vcxproj", "{D4EA6909-3A1B-422A-A1B3-E2B29E15F31C}"
EndProject
Global
	GlobalSection(SolutionConfigurationPlatforms) = preSolution
		Debug|x86 = Debug|x86
		Release|x86 = Release|x86
	EndGlobalSection
	GlobalSection(ProjectConfigurationPlatforms) = postSolution
		{C325F75C-7488-43CE-98D0-76BDFD42BAB8}.Debug|x86.ActiveCfg = Debug|Win32
		{C325F75C-7488-43CE-98D0-76BDFD42BAB8}.Debug|x86.Build.0 = Debug|Win32
		{C325F75C-7488-43CE-98D0-76BDFD42BAB8}.Release|x86.ActiveCfg = Release|Win32
		{C325F75C-7488-43CE-98D0-76BDFD42BAB8}.Release|x86.Build.0 = Release|Win32
		{61954385-BD71-4893-B536-E9377D451180}.Debug|x86.ActiveCfg = Debug|Win32
		{61954385-BD71-4893-B536-E9377D451180}.Debug|x86.Build.0 = Debug|Win32
		{61954385-BD71-4893-B536-E9377D451180}.Release|x86.ActiveCfg = Release|Win32
		{61954385-BD71-4893-B536-E9377D451180}.Release|x86.Build.0 = Release|Win32
		{AEE6183C-B445-4752-B957-15EC31AA5E18}.Debug|x86.ActiveCfg = Debug|Win32
		{AEE6183C-B445-4752-B957-15EC31AA5E18}.Debug|x86.Build.0 = Debug|Win32
		{AEE6183C-B445-4752-B957-15EC31AA5E18}.Release|x86.ActiveCfg = Release|Win32
		{AEE6183C-B445-4752-B957-15EC31AA5E18}.Release|x86.Build.0 = Release|Win32
		{4C5AA7DC-3182-4D16-9993-D35E8C0B092F}.Debug|x86.ActiveCfg = Debug|Win32
		{4C5AA7DC-3182-4D16-9993-D35E8C0B092F}.Debug|x86.Build.0 = Debug|Win32
		{4C5AA7DC-3182-4D16-9993-D35E8C0B092F}.Release|x86.ActiveCfg = Release|Win32
		{4C5AA7DC-3182-4D16-9993-D35E8C0B092F}.Release|x86.Build.0 = Release|Win32
		{A61BB2C0-BC34-4D51-ACD4-CD05C9B208A7}.Debug|x86.ActiveCfg = Debug|Win32
		{A61BB2C0-BC34-4D51-ACD4-CD05C9B208A7}.Debug|x86.Build.0 = Debug|Win32
		{A61BB2C0-BC34-4D51-ACD4-CD05C9B208A7}.Release|x86.ActiveCfg = Release|Win32
		{A61BB2C0-BC34-4D51-ACD4-CD05C9B208A7}.Release|x86.Build.0 = Release|Win32
		{7CAC65FE-CB0D-48CA-A547-69DA9CCE0B3D}.Debug|x86.ActiveCfg = Debug|Win32
		{7CAC65FE-CB0D-48CA-A547-69DA9CCE0B3D}.Debug|x86.Build.0 = Debug|Win32
		{7CAC65FE-CB0D-48CA-A547-69DA9CCE0B3D}.Release|x86.ActiveCfg = Release|Win32
		{7CAC65FE-CB0D-48CA-A547-69DA9CCE0B3D}.Release|x86.Build.0 = Release|Win32
		{E5110764-EEFC-4AFD-B50D-CA94F3F76474}.Debug|x86.ActiveCfg = Debug|Win32
		{E5110764-EEFC-4AFD-B50D-CA94F3F76474}.Debug|x86.Build.0 = Debug|Win32
		{E5110764-EEFC-4AFD-B50D-CA94F3F76474}.Release|x86.ActiveCfg = Release|Win32
		{E5110764-EEFC-4AFD-B50D-CA94F3F76474}.Release|x86.Build.0 = Release|Win32
		{30AE2EE9-A1B5-45E1-97F4-A7D7BA34E5C0}.Debug|x86.ActiveCfg = Debug|Win32
		{30AE2EE9-A1B5-45E1-97F4-A7D7BA34E5C0}.Debug|x86.Build.0 = Debug|Win32
		{30AE2EE9-A1B5-45E1-97F4-A7D7BA34E5C0}.Release|x86.ActiveCfg = Release|Win32
		{30AE2EE9-A1B5-45E1-97F4-A7D7BA34E5C0}.Release|x86.Build.0 = Release|Win32
		{0236B4D6-F237-4064-91D9-244A8D99AB2C}.Debug|x86.ActiveCfg = Debug|Win32
		{0236B4D6-F237-4064-91D9-244A8D99AB2C}.Debug|x86.Build.0 = Debug|Win32
		{0236B4D6-F237-4064-91D9-244A8D99AB2C}.Release|x86.ActiveCfg = Release|Win32
		{0236B4D6-F237-4064-91D9-244A8D99AB2C}.Release|x86.Build.0 = Release|Win32
		{BA3266FE-EE85-4D4B-9164-0441514882C0}.Debug|x86.ActiveCfg = Debug|Win32
		{BA3266FE-EE85-4D4B-9164-0441514882C0}.Debug|x86.Build.0 = Debug|Win32
		{BA3266FE-EE85-4D4B-9164-0441514882C0}.Release|x86.ActiveCfg = Release|Win32
		{BA3266FE-EE85-4D4B-9164-0441514882C0}.Release|x86.Build.0 = Release|Win32
		{47D61A55-6218-408B-89A1-D9CE0076E9B0}.Debug|x86.ActiveCfg = Debug|Win32
		{47D61A55-6218-408B-89A1-D9CE0076E9B0}.Debug|x86.Build.0 = Debug|Win32
		{47D61A55-6218-408B-89A1-D9CE0076E9B0}.Release|x86.ActiveCfg = Release|Win32
		{47D61A55-6218-408B-89A1-D9CE0076E9B0}.Release|x86.Build.0 = Release|Win32
		{D4EA6909-3A1B-422A-A1B3-E2B29E15F31C}.Debug|x86.ActiveCfg = Debug|Win32
		{D4EA6909-3A1B-422A-A1B3-E2B29E15F31C}.Debug|x86.Build.0 = Debug|Win32
		{D4EA6909-3A1B-422A-A1B3-E2B29E15F31C}.Release|x86.ActiveCfg = Release|Win32
		{D4EA6909-3A1B-422A-A1B3-E2B29E15F31C}.Release|x86.Build.0 = Release|Win32
	EndGlobalSection
	GlobalSection(SolutionProperties) = preSolution
		HideSolutionNode = FALSE
	EndGlobalSection
	GlobalSection(NestedProjects) = preSolution
		{C325F75C-7488-43CE-98D0-76BDFD42BAB8} = {1179AED8-D7B2-4539-ACC0-C098241C993B}
		{61954385-BD71-4893-B536-E9377D451180} = {1179AED8-D7B2-4539-ACC0-C098241C993B}
		{AEE6183C-B445-4752-B957-15EC31AA5E18} = {0F8F92C9-68A9-415C-AA17-37EFB5B1AF4B}
		{4C5AA7DC-3182-4D16-9993-D35E8C0B092F} = {0F8F92C9-68A9-415C-AA17-37EFB5B1AF4B}
		{A61BB2C0-BC34-4D51-ACD4-CD05C9B208A7} = {77853D15-1639-404E-9AEF-8908459A66DD}
		{7CAC65FE-CB0D-48CA-A547-69DA9CCE0B3D} = {77853D15-1639-404E-9AEF-8908459A66DD}
		{E5110764-EEFC-4AFD-B50D-CA94F3F76474} = {3FFA5E09-8534-45CD-BD16-7BBBCE737A2A}
		{30AE2EE9-A1B5-45E1-97F4-A7D7BA34E5C0} = {3FFA5E09-8534-45CD-BD16-7BBBCE737A2A}
		{0236B4D6-F237-4064-91D9-244A8D99AB2C} = {46CFA615-0216-45A7-A634-CC543FC74EB8}
		{BA3266FE-EE85-4D4B-9164-0441514882C0} = {46CFA615-0216-45A7-A634-CC543FC74EB8}
		{47D61A55-6218-408B-89A1-D9CE0076E9B0} = {B5E9A7A0-6E02-48BA-9F50-CEF8197B92A9}
		{D4EA6909-3A1B-422A-A1B3-E2B29E15F31C} = {B5E9A7A0-6E02-48BA-9F50-CEF8197B92A9}
	EndGlobalSection
EndGlobal
